
Microsoft Visual Studio Solution File, Format Version 12.00
# Visual Studio Version 17
VisualStudioVersion = 17.13.35806.99 d17.13
MinimumVisualStudioVersion = 10.0.40219.1
Project("{FAE04EC0-301F-11D3-BF4B-00C04F79EFBC}") = "SendEmailTemplates", "SendEmailTemplates\SendEmailTemplates.csproj", "{558CE486-5044-4DAC-A60C-E3050CA17905}"
EndProject
Global
	GlobalSection(SolutionConfigurationPlatforms) = preSolution
		Debug|Any CPU = Debug|Any CPU
		Release|Any CPU = Release|Any CPU
	EndGlobalSection
	GlobalSection(ProjectConfigurationPlatforms) = postSolution
		{558CE486-5044-4DAC-A60C-E3050CA17905}.Debug|Any CPU.ActiveCfg = Debug|Any CPU
		{558CE486-5044-4DAC-A60C-E3050CA17905}.Debug|Any CPU.Build.0 = Debug|Any CPU
		{558CE486-5044-4DAC-A60C-E3050CA17905}.Release|Any CPU.ActiveCfg = Release|Any CPU
		{558CE486-5044-4DAC-A60C-E3050CA17905}.Release|Any CPU.Build.0 = Release|Any CPU
	EndGlobalSection
	GlobalSection(SolutionProperties) = preSolution
		HideSolutionNode = FALSE
	EndGlobalSection
	GlobalSection(ExtensibilityGlobals) = postSolution
		SolutionGuid = {E15E645F-A562-4CA0-9AF4-C362D5C6CD20}
	EndGlobalSection
EndGlobal
